// !$*UTF8*$!
{
	archiveVersion = 1;
	classes = {
	};
	objectVersion = 52;
	objects = {

/* Begin PBXBuildFile section */
		E706195E260A538B004E7994 /* AuthentificationService.swift in Sources */ = {isa = PBXBuildFile; fileRef = E706195D260A538B004E7994 /* AuthentificationService.swift */; };
		E7061966260A5A1B004E7994 /* AuthViewController.storyboard in Resources */ = {isa = PBXBuildFile; fileRef = E7061965260A5A1B004E7994 /* AuthViewController.storyboard */; };
		E7061969260A5C43004E7994 /* AuthViewController.swift in Sources */ = {isa = PBXBuildFile; fileRef = E7061968260A5C43004E7994 /* AuthViewController.swift */; };
		E71995192610E7730046C0C4 /* NetworkService.swift in Sources */ = {isa = PBXBuildFile; fileRef = E71995182610E7730046C0C4 /* NetworkService.swift */; };
		E719951B2610E87E0046C0C4 /* API.swift in Sources */ = {isa = PBXBuildFile; fileRef = E719951A2610E87E0046C0C4 /* API.swift */; };
		E719951F2610FCDD0046C0C4 /* FeedResponse.swift in Sources */ = {isa = PBXBuildFile; fileRef = E719951E2610FCDD0046C0C4 /* FeedResponse.swift */; };
		E71A149E2619EC91002137FF /* NewsFeedLayoutCalculator.swift in Sources */ = {isa = PBXBuildFile; fileRef = E71A149D2619EC91002137FF /* NewsFeedLayoutCalculator.swift */; };
		E71A14A02619FE2D002137FF /* String + Height.swift in Sources */ = {isa = PBXBuildFile; fileRef = E71A149F2619FE2D002137FF /* String + Height.swift */; };
		E7224794260BE2F00041DBFE /* UIViewController+Storyboard.swift in Sources */ = {isa = PBXBuildFile; fileRef = E7224793260BE2F00041DBFE /* UIViewController+Storyboard.swift */; };
		E72C2DCF2618D89800776E52 /* WebImageView.swift in Sources */ = {isa = PBXBuildFile; fileRef = E72C2DCE2618D89800776E52 /* WebImageView.swift */; };
		E7896E6326233DAF00302333 /* NewsFeedCodeCell.swift in Sources */ = {isa = PBXBuildFile; fileRef = E7896E6226233DAF00302333 /* NewsFeedCodeCell.swift */; };
		E7896E652623432A00302333 /* Constraints.swift in Sources */ = {isa = PBXBuildFile; fileRef = E7896E642623432A00302333 /* Constraints.swift */; };
		E78C2E8C26514D52009C21D7 /* VKSdkFramework.xcframework in Frameworks */ = {isa = PBXBuildFile; fileRef = E706195F260A58E9004E7994 /* VKSdkFramework.xcframework */; };
		E78C2E8D26514D52009C21D7 /* VKSdkFramework.xcframework in Embed Frameworks */ = {isa = PBXBuildFile; fileRef = E706195F260A58E9004E7994 /* VKSdkFramework.xcframework */; settings = {ATTRIBUTES = (CodeSignOnCopy, RemoveHeadersOnCopy, ); }; };
		E7986E302624BE83004455E3 /* Constants.swift in Sources */ = {isa = PBXBuildFile; fileRef = E7986E2F2624BE83004455E3 /* Constants.swift */; };
		E799ED9A2613921D00F2DF01 /* NewsFeedViewController.storyboard in Resources */ = {isa = PBXBuildFile; fileRef = E799ED992613921D00F2DF01 /* NewsFeedViewController.storyboard */; };
		E799ED9D2613985600F2DF01 /* NewsFeedCell.swift in Sources */ = {isa = PBXBuildFile; fileRef = E799ED9C2613985600F2DF01 /* NewsFeedCell.swift */; };
		E799ED9F261398A200F2DF01 /* NewsfeedCell.xib in Resources */ = {isa = PBXBuildFile; fileRef = E799ED9E261398A200F2DF01 /* NewsfeedCell.xib */; };
		E7D83F582612435D007C0420 /* NetworkDataFetcher.swift in Sources */ = {isa = PBXBuildFile; fileRef = E7D83F572612435D007C0420 /* NetworkDataFetcher.swift */; };
		E7D83F6126124BA5007C0420 /* NewsFeedPresenter.swift in Sources */ = {isa = PBXBuildFile; fileRef = E7D83F5A26124BA5007C0420 /* NewsFeedPresenter.swift */; };
		E7D83F6226124BA5007C0420 /* NewsFeedWorker.swift in Sources */ = {isa = PBXBuildFile; fileRef = E7D83F5B26124BA5007C0420 /* NewsFeedWorker.swift */; };
		E7D83F6326124BA5007C0420 /* NewsFeedRouter.swift in Sources */ = {isa = PBXBuildFile; fileRef = E7D83F5C26124BA5007C0420 /* NewsFeedRouter.swift */; };
		E7D83F6426124BA5007C0420 /* NewsFeedModels.swift in Sources */ = {isa = PBXBuildFile; fileRef = E7D83F5D26124BA5007C0420 /* NewsFeedModels.swift */; };
		E7D83F6526124BA5007C0420 /* NewsFeedViewController.swift in Sources */ = {isa = PBXBuildFile; fileRef = E7D83F5E26124BA5007C0420 /* NewsFeedViewController.swift */; };
		E7D83F6626124BA5007C0420 /* NewsFeedInteractor.swift in Sources */ = {isa = PBXBuildFile; fileRef = E7D83F5F26124BA5007C0420 /* NewsFeedInteractor.swift */; };
		E7DF370C26090ECE0030F539 /* AppDelegate.swift in Sources */ = {isa = PBXBuildFile; fileRef = E7DF370B26090ECE0030F539 /* AppDelegate.swift */; };
		E7DF370E26090ECE0030F539 /* SceneDelegate.swift in Sources */ = {isa = PBXBuildFile; fileRef = E7DF370D26090ECE0030F539 /* SceneDelegate.swift */; };
		E7DF371526090ECE0030F539 /* Assets.xcassets in Resources */ = {isa = PBXBuildFile; fileRef = E7DF371426090ECE0030F539 /* Assets.xcassets */; };
		E7DF371826090ECE0030F539 /* LaunchScreen.storyboard in Resources */ = {isa = PBXBuildFile; fileRef = E7DF371626090ECE0030F539 /* LaunchScreen.storyboard */; };
/* End PBXBuildFile section */

/* Begin PBXCopyFilesBuildPhase section */
		E78C2E8E26514D52009C21D7 /* Embed Frameworks */ = {
			isa = PBXCopyFilesBuildPhase;
			buildActionMask = 2147483647;
			dstPath = "";
			dstSubfolderSpec = 10;
			files = (
				E78C2E8D26514D52009C21D7 /* VKSdkFramework.xcframework in Embed Frameworks */,
			);
			name = "Embed Frameworks";
			runOnlyForDeploymentPostprocessing = 0;
		};
/* End PBXCopyFilesBuildPhase section */

/* Begin PBXFileReference section */
		E706195D260A538B004E7994 /* AuthentificationService.swift */ = {isa = PBXFileReference; lastKnownFileType = sourcecode.swift; path = AuthentificationService.swift; sourceTree = "<group>"; };
		E706195F260A58E9004E7994 /* VKSdkFramework.xcframework */ = {isa = PBXFileReference; lastKnownFileType = wrapper.xcframework; name = VKSdkFramework.xcframework; path = Carthage/Build/VKSdkFramework.xcframework; sourceTree = "<group>"; };
		E7061965260A5A1B004E7994 /* AuthViewController.storyboard */ = {isa = PBXFileReference; lastKnownFileType = file.storyboard; path = AuthViewController.storyboard; sourceTree = "<group>"; };
		E7061968260A5C43004E7994 /* AuthViewController.swift */ = {isa = PBXFileReference; fileEncoding = 4; lastKnownFileType = sourcecode.swift; path = AuthViewController.swift; sourceTree = "<group>"; };
		E71995182610E7730046C0C4 /* NetworkService.swift */ = {isa = PBXFileReference; lastKnownFileType = sourcecode.swift; path = NetworkService.swift; sourceTree = "<group>"; };
		E719951A2610E87E0046C0C4 /* API.swift */ = {isa = PBXFileReference; lastKnownFileType = sourcecode.swift; path = API.swift; sourceTree = "<group>"; };
		E719951E2610FCDD0046C0C4 /* FeedResponse.swift */ = {isa = PBXFileReference; lastKnownFileType = sourcecode.swift; path = FeedResponse.swift; sourceTree = "<group>"; };
		E71A149D2619EC91002137FF /* NewsFeedLayoutCalculator.swift */ = {isa = PBXFileReference; lastKnownFileType = sourcecode.swift; path = NewsFeedLayoutCalculator.swift; sourceTree = "<group>"; };
		E71A149F2619FE2D002137FF /* String + Height.swift */ = {isa = PBXFileReference; lastKnownFileType = sourcecode.swift; path = "String + Height.swift"; sourceTree = "<group>"; };
		E7224793260BE2F00041DBFE /* UIViewController+Storyboard.swift */ = {isa = PBXFileReference; lastKnownFileType = sourcecode.swift; path = "UIViewController+Storyboard.swift"; sourceTree = "<group>"; };
		E72C2DCE2618D89800776E52 /* WebImageView.swift */ = {isa = PBXFileReference; lastKnownFileType = sourcecode.swift; path = WebImageView.swift; sourceTree = "<group>"; };
		E7896E6226233DAF00302333 /* NewsFeedCodeCell.swift */ = {isa = PBXFileReference; lastKnownFileType = sourcecode.swift; path = NewsFeedCodeCell.swift; sourceTree = "<group>"; };
		E7896E642623432A00302333 /* Constraints.swift */ = {isa = PBXFileReference; lastKnownFileType = sourcecode.swift; path = Constraints.swift; sourceTree = "<group>"; };
		E7986E2F2624BE83004455E3 /* Constants.swift */ = {isa = PBXFileReference; lastKnownFileType = sourcecode.swift; path = Constants.swift; sourceTree = "<group>"; };
		E799ED992613921D00F2DF01 /* NewsFeedViewController.storyboard */ = {isa = PBXFileReference; lastKnownFileType = file.storyboard; path = NewsFeedViewController.storyboard; sourceTree = "<group>"; };
		E799ED9C2613985600F2DF01 /* NewsFeedCell.swift */ = {isa = PBXFileReference; lastKnownFileType = sourcecode.swift; path = NewsFeedCell.swift; sourceTree = "<group>"; };
		E799ED9E261398A200F2DF01 /* NewsfeedCell.xib */ = {isa = PBXFileReference; lastKnownFileType = file.xib; path = NewsfeedCell.xib; sourceTree = "<group>"; };
		E7D83F572612435D007C0420 /* NetworkDataFetcher.swift */ = {isa = PBXFileReference; lastKnownFileType = sourcecode.swift; path = NetworkDataFetcher.swift; sourceTree = "<group>"; };
		E7D83F5A26124BA5007C0420 /* NewsFeedPresenter.swift */ = {isa = PBXFileReference; lastKnownFileType = sourcecode.swift; path = NewsFeedPresenter.swift; sourceTree = "<group>"; };
		E7D83F5B26124BA5007C0420 /* NewsFeedWorker.swift */ = {isa = PBXFileReference; lastKnownFileType = sourcecode.swift; path = NewsFeedWorker.swift; sourceTree = "<group>"; };
		E7D83F5C26124BA5007C0420 /* NewsFeedRouter.swift */ = {isa = PBXFileReference; lastKnownFileType = sourcecode.swift; path = NewsFeedRouter.swift; sourceTree = "<group>"; };
		E7D83F5D26124BA5007C0420 /* NewsFeedModels.swift */ = {isa = PBXFileReference; lastKnownFileType = sourcecode.swift; path = NewsFeedModels.swift; sourceTree = "<group>"; };
		E7D83F5E26124BA5007C0420 /* NewsFeedViewController.swift */ = {isa = PBXFileReference; lastKnownFileType = sourcecode.swift; path = NewsFeedViewController.swift; sourceTree = "<group>"; };
		E7D83F5F26124BA5007C0420 /* NewsFeedInteractor.swift */ = {isa = PBXFileReference; lastKnownFileType = sourcecode.swift; path = NewsFeedInteractor.swift; sourceTree = "<group>"; };
		E7DF370826090ECE0030F539 /* VK news feed.app */ = {isa = PBXFileReference; explicitFileType = wrapper.application; includeInIndex = 0; path = "VK news feed.app"; sourceTree = BUILT_PRODUCTS_DIR; };
		E7DF370B26090ECE0030F539 /* AppDelegate.swift */ = {isa = PBXFileReference; lastKnownFileType = sourcecode.swift; path = AppDelegate.swift; sourceTree = "<group>"; };
		E7DF370D26090ECE0030F539 /* SceneDelegate.swift */ = {isa = PBXFileReference; lastKnownFileType = sourcecode.swift; path = SceneDelegate.swift; sourceTree = "<group>"; };
		E7DF371426090ECE0030F539 /* Assets.xcassets */ = {isa = PBXFileReference; lastKnownFileType = folder.assetcatalog; path = Assets.xcassets; sourceTree = "<group>"; };
		E7DF371726090ECE0030F539 /* Base */ = {isa = PBXFileReference; lastKnownFileType = file.storyboard; name = Base; path = Base.lproj/LaunchScreen.storyboard; sourceTree = "<group>"; };
		E7DF371926090ECE0030F539 /* Info.plist */ = {isa = PBXFileReference; lastKnownFileType = text.plist.xml; path = Info.plist; sourceTree = "<group>"; };
		E7DF3721260914850030F539 /* VKSdkFramework */ = {isa = PBXFileReference; lastKnownFileType = "compiled.mach-o.dylib"; name = VKSdkFramework; path = Carthage/Build/iOS/VKSdkFramework.framework/VKSdkFramework; sourceTree = "<group>"; };
		E7DF3725260914900030F539 /* VKSdkFramework.framework */ = {isa = PBXFileReference; lastKnownFileType = wrapper.framework; name = VKSdkFramework.framework; path = Carthage/Build/iOS/VKSdkFramework.framework; sourceTree = "<group>"; };
/* End PBXFileReference section */

/* Begin PBXFrameworksBuildPhase section */
		E7DF370526090ECE0030F539 /* Frameworks */ = {
			isa = PBXFrameworksBuildPhase;
			buildActionMask = 2147483647;
			files = (
				E78C2E8C26514D52009C21D7 /* VKSdkFramework.xcframework in Frameworks */,
			);
			runOnlyForDeploymentPostprocessing = 0;
		};
/* End PBXFrameworksBuildPhase section */

/* Begin PBXGroup section */
		E706195C260A5372004E7994 /* Services */ = {
			isa = PBXGroup;
			children = (
				E71995182610E7730046C0C4 /* NetworkService.swift */,
				E706195D260A538B004E7994 /* AuthentificationService.swift */,
				E719951A2610E87E0046C0C4 /* API.swift */,
				E7D83F572612435D007C0420 /* NetworkDataFetcher.swift */,
				E719951D2610FCCF0046C0C4 /* Models */,
			);
			path = Services;
			sourceTree = "<group>";
		};
		E7061967260A5A36004E7994 /* Auth */ = {
			isa = PBXGroup;
			children = (
				E7061968260A5C43004E7994 /* AuthViewController.swift */,
				E7061965260A5A1B004E7994 /* AuthViewController.storyboard */,
			);
			path = Auth;
			sourceTree = "<group>";
		};
		E719951D2610FCCF0046C0C4 /* Models */ = {
			isa = PBXGroup;
			children = (
				E719951E2610FCDD0046C0C4 /* FeedResponse.swift */,
			);
			path = Models;
			sourceTree = "<group>";
		};
		E7224795260BE2FF0041DBFE /* Helpers */ = {
			isa = PBXGroup;
			children = (
				E7224793260BE2F00041DBFE /* UIViewController+Storyboard.swift */,
				E72C2DCE2618D89800776E52 /* WebImageView.swift */,
				E71A149F2619FE2D002137FF /* String + Height.swift */,
				E7896E642623432A00302333 /* Constraints.swift */,
			);
			path = Helpers;
			sourceTree = "<group>";
		};
		E799ED9B2613984800F2DF01 /* Cell */ = {
			isa = PBXGroup;
			children = (
				E799ED9C2613985600F2DF01 /* NewsFeedCell.swift */,
				E799ED9E261398A200F2DF01 /* NewsfeedCell.xib */,
				E71A149D2619EC91002137FF /* NewsFeedLayoutCalculator.swift */,
				E7896E6226233DAF00302333 /* NewsFeedCodeCell.swift */,
				E7986E2F2624BE83004455E3 /* Constants.swift */,
			);
			path = Cell;
			sourceTree = "<group>";
		};
		E7D83F5926124B69007C0420 /* NewsFeed */ = {
			isa = PBXGroup;
			children = (
				E799ED9B2613984800F2DF01 /* Cell */,
				E7D83F5E26124BA5007C0420 /* NewsFeedViewController.swift */,
				E799ED992613921D00F2DF01 /* NewsFeedViewController.storyboard */,
				E7D83F5F26124BA5007C0420 /* NewsFeedInteractor.swift */,
				E7D83F5D26124BA5007C0420 /* NewsFeedModels.swift */,
				E7D83F5A26124BA5007C0420 /* NewsFeedPresenter.swift */,
				E7D83F5B26124BA5007C0420 /* NewsFeedWorker.swift */,
				E7D83F5C26124BA5007C0420 /* NewsFeedRouter.swift */,
			);
			path = NewsFeed;
			sourceTree = "<group>";
		};
		E7DF36FF26090ECE0030F539 = {
			isa = PBXGroup;
			children = (
				E7DF370A26090ECE0030F539 /* VK news feed */,
				E7DF370926090ECE0030F539 /* Products */,
				E7DF3720260914850030F539 /* Frameworks */,
			);
			sourceTree = "<group>";
		};
		E7DF370926090ECE0030F539 /* Products */ = {
			isa = PBXGroup;
			children = (
				E7DF370826090ECE0030F539 /* VK news feed.app */,
			);
			name = Products;
			sourceTree = "<group>";
		};
		E7DF370A26090ECE0030F539 /* VK news feed */ = {
			isa = PBXGroup;
			children = (
				E7DF370B26090ECE0030F539 /* AppDelegate.swift */,
				E7DF370D26090ECE0030F539 /* SceneDelegate.swift */,
				E706195C260A5372004E7994 /* Services */,
				E7224795260BE2FF0041DBFE /* Helpers */,
				E7D83F5926124B69007C0420 /* NewsFeed */,
				E7061967260A5A36004E7994 /* Auth */,
				E7DF371426090ECE0030F539 /* Assets.xcassets */,
				E7DF371626090ECE0030F539 /* LaunchScreen.storyboard */,
				E7DF371926090ECE0030F539 /* Info.plist */,
			);
			path = "VK news feed";
			sourceTree = "<group>";
		};
		E7DF3720260914850030F539 /* Frameworks */ = {
			isa = PBXGroup;
			children = (
				E706195F260A58E9004E7994 /* VKSdkFramework.xcframework */,
				E7DF3725260914900030F539 /* VKSdkFramework.framework */,
				E7DF3721260914850030F539 /* VKSdkFramework */,
			);
			name = Frameworks;
			sourceTree = "<group>";
		};
/* End PBXGroup section */

/* Begin PBXNativeTarget section */
		E7DF370726090ECE0030F539 /* VK news feed */ = {
			isa = PBXNativeTarget;
			buildConfigurationList = E7DF371C26090ECE0030F539 /* Build configuration list for PBXNativeTarget "VK news feed" */;
			buildPhases = (
				E7DF370426090ECE0030F539 /* Sources */,
				E7DF370526090ECE0030F539 /* Frameworks */,
				E7DF370626090ECE0030F539 /* Resources */,
				E7DF3728260914CC0030F539 /* ShellScript */,
				E78C2E8E26514D52009C21D7 /* Embed Frameworks */,
			);
			buildRules = (
			);
			dependencies = (
			);
			name = "VK news feed";
			productName = "VK news feed";
			productReference = E7DF370826090ECE0030F539 /* VK news feed.app */;
			productType = "com.apple.product-type.application";
		};
/* End PBXNativeTarget section */

/* Begin PBXProject section */
		E7DF370026090ECE0030F539 /* Project object */ = {
			isa = PBXProject;
			attributes = {
				LastSwiftUpdateCheck = 1240;
				LastUpgradeCheck = 1240;
				TargetAttributes = {
					E7DF370726090ECE0030F539 = {
						CreatedOnToolsVersion = 12.4;
					};
				};
			};
			buildConfigurationList = E7DF370326090ECE0030F539 /* Build configuration list for PBXProject "VK news feed" */;
			compatibilityVersion = "Xcode 9.3";
			developmentRegion = en;
			hasScannedForEncodings = 0;
			knownRegions = (
				en,
				Base,
			);
			mainGroup = E7DF36FF26090ECE0030F539;
			productRefGroup = E7DF370926090ECE0030F539 /* Products */;
			projectDirPath = "";
			projectRoot = "";
			targets = (
				E7DF370726090ECE0030F539 /* VK news feed */,
			);
		};
/* End PBXProject section */

/* Begin PBXResourcesBuildPhase section */
		E7DF370626090ECE0030F539 /* Resources */ = {
			isa = PBXResourcesBuildPhase;
			buildActionMask = 2147483647;
			files = (
				E799ED9A2613921D00F2DF01 /* NewsFeedViewController.storyboard in Resources */,
				E7DF371826090ECE0030F539 /* LaunchScreen.storyboard in Resources */,
				E7061966260A5A1B004E7994 /* AuthViewController.storyboard in Resources */,
				E7DF371526090ECE0030F539 /* Assets.xcassets in Resources */,
				E799ED9F261398A200F2DF01 /* NewsfeedCell.xib in Resources */,
			);
			runOnlyForDeploymentPostprocessing = 0;
		};
/* End PBXResourcesBuildPhase section */

/* Begin PBXShellScriptBuildPhase section */
		E7DF3728260914CC0030F539 /* ShellScript */ = {
			isa = PBXShellScriptBuildPhase;
			buildActionMask = 12;
			files = (
			);
			inputFileListPaths = (
			);
			inputPaths = (
				"$(SRCROOT)/Carthage/Build/iOS/VkSdkFramework.framework",
			);
			outputFileListPaths = (
			);
			outputPaths = (
			);
			runOnlyForDeploymentPostprocessing = 0;
			shellPath = /bin/sh;
			shellScript = "/usr/local/bin/carthage copy-frameworks\n";
		};
/* End PBXShellScriptBuildPhase section */

/* Begin PBXSourcesBuildPhase section */
		E7DF370426090ECE0030F539 /* Sources */ = {
			isa = PBXSourcesBuildPhase;
			buildActionMask = 2147483647;
			files = (
				E7061969260A5C43004E7994 /* AuthViewController.swift in Sources */,
				E7986E302624BE83004455E3 /* Constants.swift in Sources */,
				E7896E652623432A00302333 /* Constraints.swift in Sources */,
				E72C2DCF2618D89800776E52 /* WebImageView.swift in Sources */,
				E7D83F6326124BA5007C0420 /* NewsFeedRouter.swift in Sources */,
				E7D83F6426124BA5007C0420 /* NewsFeedModels.swift in Sources */,
				E706195E260A538B004E7994 /* AuthentificationService.swift in Sources */,
				E7DF370C26090ECE0030F539 /* AppDelegate.swift in Sources */,
				E7D83F582612435D007C0420 /* NetworkDataFetcher.swift in Sources */,
				E7DF370E26090ECE0030F539 /* SceneDelegate.swift in Sources */,
				E7224794260BE2F00041DBFE /* UIViewController+Storyboard.swift in Sources */,
				E7896E6326233DAF00302333 /* NewsFeedCodeCell.swift in Sources */,
				E719951B2610E87E0046C0C4 /* API.swift in Sources */,
				E719951F2610FCDD0046C0C4 /* FeedResponse.swift in Sources */,
				E71A14A02619FE2D002137FF /* String + Height.swift in Sources */,
				E7D83F6126124BA5007C0420 /* NewsFeedPresenter.swift in Sources */,
				E71A149E2619EC91002137FF /* NewsFeedLayoutCalculator.swift in Sources */,
				E7D83F6226124BA5007C0420 /* NewsFeedWorker.swift in Sources */,
				E71995192610E7730046C0C4 /* NetworkService.swift in Sources */,
				E7D83F6526124BA5007C0420 /* NewsFeedViewController.swift in Sources */,
				E799ED9D2613985600F2DF01 /* NewsFeedCell.swift in Sources */,
				E7D83F6626124BA5007C0420 /* NewsFeedInteractor.swift in Sources */,
			);
			runOnlyForDeploymentPostprocessing = 0;
		};
/* End PBXSourcesBuildPhase section */

/* Begin PBXVariantGroup section */
		E7DF371626090ECE0030F539 /* LaunchScreen.storyboard */ = {
			isa = PBXVariantGroup;
			children = (
				E7DF371726090ECE0030F539 /* Base */,
			);
			name = LaunchScreen.storyboard;
			sourceTree = "<group>";
		};
/* End PBXVariantGroup section */

/* Begin XCBuildConfiguration section */
		E7DF371A26090ECE0030F539 /* Debug */ = {
			isa = XCBuildConfiguration;
			buildSettings = {
				ALWAYS_SEARCH_USER_PATHS = NO;
				CLANG_ANALYZER_NONNULL = YES;
				CLANG_ANALYZER_NUMBER_OBJECT_CONVERSION = YES_AGGRESSIVE;
				CLANG_CXX_LANGUAGE_STANDARD = "gnu++14";
				CLANG_CXX_LIBRARY = "libc++";
				CLANG_ENABLE_MODULES = YES;
				CLANG_ENABLE_OBJC_ARC = YES;
				CLANG_ENABLE_OBJC_WEAK = YES;
				CLANG_WARN_BLOCK_CAPTURE_AUTORELEASING = YES;
				CLANG_WARN_BOOL_CONVERSION = YES;
				CLANG_WARN_COMMA = YES;
				CLANG_WARN_CONSTANT_CONVERSION = YES;
				CLANG_WARN_DEPRECATED_OBJC_IMPLEMENTATIONS = YES;
				CLANG_WARN_DIRECT_OBJC_ISA_USAGE = YES_ERROR;
				CLANG_WARN_DOCUMENTATION_COMMENTS = YES;
				CLANG_WARN_EMPTY_BODY = YES;
				CLANG_WARN_ENUM_CONVERSION = YES;
				CLANG_WARN_INFINITE_RECURSION = YES;
				CLANG_WARN_INT_CONVERSION = YES;
				CLANG_WARN_NON_LITERAL_NULL_CONVERSION = YES;
				CLANG_WARN_OBJC_IMPLICIT_RETAIN_SELF = YES;
				CLANG_WARN_OBJC_LITERAL_CONVERSION = YES;
				CLANG_WARN_OBJC_ROOT_CLASS = YES_ERROR;
				CLANG_WARN_QUOTED_INCLUDE_IN_FRAMEWORK_HEADER = YES;
				CLANG_WARN_RANGE_LOOP_ANALYSIS = YES;
				CLANG_WARN_STRICT_PROTOTYPES = YES;
				CLANG_WARN_SUSPICIOUS_MOVE = YES;
				CLANG_WARN_UNGUARDED_AVAILABILITY = YES_AGGRESSIVE;
				CLANG_WARN_UNREACHABLE_CODE = YES;
				CLANG_WARN__DUPLICATE_METHOD_MATCH = YES;
				COPY_PHASE_STRIP = NO;
				DEBUG_INFORMATION_FORMAT = dwarf;
				ENABLE_STRICT_OBJC_MSGSEND = YES;
				ENABLE_TESTABILITY = YES;
				GCC_C_LANGUAGE_STANDARD = gnu11;
				GCC_DYNAMIC_NO_PIC = NO;
				GCC_NO_COMMON_BLOCKS = YES;
				GCC_OPTIMIZATION_LEVEL = 0;
				GCC_PREPROCESSOR_DEFINITIONS = (
					"DEBUG=1",
					"$(inherited)",
				);
				GCC_WARN_64_TO_32_BIT_CONVERSION = YES;
				GCC_WARN_ABOUT_RETURN_TYPE = YES_ERROR;
				GCC_WARN_UNDECLARED_SELECTOR = YES;
				GCC_WARN_UNINITIALIZED_AUTOS = YES_AGGRESSIVE;
				GCC_WARN_UNUSED_FUNCTION = YES;
				GCC_WARN_UNUSED_VARIABLE = YES;
				IPHONEOS_DEPLOYMENT_TARGET = 13.0;
				MTL_ENABLE_DEBUG_INFO = INCLUDE_SOURCE;
				MTL_FAST_MATH = YES;
				ONLY_ACTIVE_ARCH = YES;
				SDKROOT = iphoneos;
				SWIFT_ACTIVE_COMPILATION_CONDITIONS = DEBUG;
				SWIFT_OPTIMIZATION_LEVEL = "-Onone";
				VALIDATE_WORKSPACE = YES;
			};
			name = Debug;
		};
		E7DF371B26090ECE0030F539 /* Release */ = {
			isa = XCBuildConfiguration;
			buildSettings = {
				ALWAYS_SEARCH_USER_PATHS = NO;
				CLANG_ANALYZER_NONNULL = YES;
				CLANG_ANALYZER_NUMBER_OBJECT_CONVERSION = YES_AGGRESSIVE;
				CLANG_CXX_LANGUAGE_STANDARD = "gnu++14";
				CLANG_CXX_LIBRARY = "libc++";
				CLANG_ENABLE_MODULES = YES;
				CLANG_ENABLE_OBJC_ARC = YES;
				CLANG_ENABLE_OBJC_WEAK = YES;
				CLANG_WARN_BLOCK_CAPTURE_AUTORELEASING = YES;
				CLANG_WARN_BOOL_CONVERSION = YES;
				CLANG_WARN_COMMA = YES;
				CLANG_WARN_CONSTANT_CONVERSION = YES;
				CLANG_WARN_DEPRECATED_OBJC_IMPLEMENTATIONS = YES;
				CLANG_WARN_DIRECT_OBJC_ISA_USAGE = YES_ERROR;
				CLANG_WARN_DOCUMENTATION_COMMENTS = YES;
				CLANG_WARN_EMPTY_BODY = YES;
				CLANG_WARN_ENUM_CONVERSION = YES;
				CLANG_WARN_INFINITE_RECURSION = YES;
				CLANG_WARN_INT_CONVERSION = YES;
				CLANG_WARN_NON_LITERAL_NULL_CONVERSION = YES;
				CLANG_WARN_OBJC_IMPLICIT_RETAIN_SELF = YES;
				CLANG_WARN_OBJC_LITERAL_CONVERSION = YES;
				CLANG_WARN_OBJC_ROOT_CLASS = YES_ERROR;
				CLANG_WARN_QUOTED_INCLUDE_IN_FRAMEWORK_HEADER = YES;
				CLANG_WARN_RANGE_LOOP_ANALYSIS = YES;
				CLANG_WARN_STRICT_PROTOTYPES = YES;
				CLANG_WARN_SUSPICIOUS_MOVE = YES;
				CLANG_WARN_UNGUARDED_AVAILABILITY = YES_AGGRESSIVE;
				CLANG_WARN_UNREACHABLE_CODE = YES;
				CLANG_WARN__DUPLICATE_METHOD_MATCH = YES;
				COPY_PHASE_STRIP = NO;
				DEBUG_INFORMATION_FORMAT = "dwarf-with-dsym";
				ENABLE_NS_ASSERTIONS = NO;
				ENABLE_STRICT_OBJC_MSGSEND = YES;
				GCC_C_LANGUAGE_STANDARD = gnu11;
				GCC_NO_COMMON_BLOCKS = YES;
				GCC_WARN_64_TO_32_BIT_CONVERSION = YES;
				GCC_WARN_ABOUT_RETURN_TYPE = YES_ERROR;
				GCC_WARN_UNDECLARED_SELECTOR = YES;
				GCC_WARN_UNINITIALIZED_AUTOS = YES_AGGRESSIVE;
				GCC_WARN_UNUSED_FUNCTION = YES;
				GCC_WARN_UNUSED_VARIABLE = YES;
				IPHONEOS_DEPLOYMENT_TARGET = 13.0;
				MTL_ENABLE_DEBUG_INFO = NO;
				MTL_FAST_MATH = YES;
				SDKROOT = iphoneos;
				SWIFT_COMPILATION_MODE = wholemodule;
				SWIFT_OPTIMIZATION_LEVEL = "-O";
				VALIDATE_PRODUCT = YES;
				VALIDATE_WORKSPACE = YES;
			};
			name = Release;
		};
		E7DF371D26090ECE0030F539 /* Debug */ = {
			isa = XCBuildConfiguration;
			buildSettings = {
				ASSETCATALOG_COMPILER_APPICON_NAME = AppIcon;
				ASSETCATALOG_COMPILER_GLOBAL_ACCENT_COLOR_NAME = AccentColor;
				CODE_SIGN_STYLE = Automatic;
				DEVELOPMENT_TEAM = WVUV9Z888F;
				FRAMEWORK_SEARCH_PATHS = (
					"$(inherited)",
					"$(PROJECT_DIR)/Carthage/Build/iOS",
				);
				INFOPLIST_FILE = "VK news feed/Info.plist";
				LD_RUNPATH_SEARCH_PATHS = (
					"$(inherited)",
					"@executable_path/Frameworks",
				);
				LIBRARY_SEARCH_PATHS = (
					"$(inherited)",
					"$(PROJECT_DIR)/Carthage/Build/iOS/VKSdkFramework.framework",
				);
				PRODUCT_BUNDLE_IDENTIFIER = "VC.VK-news-feed";
				PRODUCT_NAME = "$(TARGET_NAME)";
				SWIFT_VERSION = 5.0;
				TARGETED_DEVICE_FAMILY = "1,2";
				VALIDATE_WORKSPACE = NO;
			};
			name = Debug;
		};
		E7DF371E26090ECE0030F539 /* Release */ = {
			isa = XCBuildConfiguration;
			buildSettings = {
				ASSETCATALOG_COMPILER_APPICON_NAME = AppIcon;
				ASSETCATALOG_COMPILER_GLOBAL_ACCENT_COLOR_NAME = AccentColor;
				CODE_SIGN_STYLE = Automatic;
				DEVELOPMENT_TEAM = WVUV9Z888F;
				FRAMEWORK_SEARCH_PATHS = (
					"$(inherited)",
					"$(PROJECT_DIR)/Carthage/Build/iOS",
				);
				INFOPLIST_FILE = "VK news feed/Info.plist";
				LD_RUNPATH_SEARCH_PATHS = (
					"$(inherited)",
					"@executable_path/Frameworks",
				);
				LIBRARY_SEARCH_PATHS = (
					"$(inherited)",
					"$(PROJECT_DIR)/Carthage/Build/iOS/VKSdkFramework.framework",
				);
				PRODUCT_BUNDLE_IDENTIFIER = "VC.VK-news-feed";
				PRODUCT_NAME = "$(TARGET_NAME)";
				SWIFT_VERSION = 5.0;
				TARGETED_DEVICE_FAMILY = "1,2";
				VALIDATE_PRODUCT = YES;
				VALIDATE_WORKSPACE = NO;
			};
			name = Release;
		};
/* End XCBuildConfiguration section */

/* Begin XCConfigurationList section */
		E7DF370326090ECE0030F539 /* Build configuration list for PBXProject "VK news feed" */ = {
			isa = XCConfigurationList;
			buildConfigurations = (
				E7DF371A26090ECE0030F539 /* Debug */,
				E7DF371B26090ECE0030F539 /* Release */,
			);
			defaultConfigurationIsVisible = 0;
			defaultConfigurationName = Release;
		};
		E7DF371C26090ECE0030F539 /* Build configuration list for PBXNativeTarget "VK news feed" */ = {
			isa = XCConfigurationList;
			buildConfigurations = (
				E7DF371D26090ECE0030F539 /* Debug */,
				E7DF371E26090ECE0030F539 /* Release */,
			);
			defaultConfigurationIsVisible = 0;
			defaultConfigurationName = Release;
		};
/* End XCConfigurationList section */
	};
	rootObject = E7DF370026090ECE0030F539 /* Project object */;
}
